# THIS IS AN AUTOGENERATED FILE. DO NOT EDIT THIS FILE DIRECTLY.
# yarn lockfile v1


"@mostly-adequate/support@^2.0.1":
  version "2.0.1"
  resolved "https://registry.yarnpkg.com/@mostly-adequate/support/-/support-2.0.1.tgz#6d5bb5e57bb38a9f5ecdd75e71356e1d880f0439"
  integrity sha512-+16tUURaxiGFGBiYcI4Xu82UsMLSxc2F5DVGimMVkkP/tO+wRNuDPUJTW9YMY7UlHW9KQ9XRHShDEubqliy7vA==
